
Microsoft Visual Studio Solution File, Format Version 12.00
# Visual Studio Version 16
VisualStudioVersion = 16.0.30804.86
MinimumVisualStudioVersion = 10.0.40219.1
Project("{F184B08F-C81C-45F6-A57F-5ABD9991F28F}") = "DuForms2", "DuForms2\DuForms2.vbproj", "{DDBF08F1-E95D-4D3F-A6D2-27ADDE7B26ED}"
EndProject
Global
	GlobalSection(SolutionConfigurationPlatforms) = preSolution
		Debug|Any CPU = Debug|Any CPU
		Release|Any CPU = Release|Any CPU
	EndGlobalSection
	GlobalSection(ProjectConfigurationPlatforms) = postSolution
		{DDBF08F1-E95D-4D3F-A6D2-27ADDE7B26ED}.Debug|Any CPU.ActiveCfg = Debug|Any CPU
		{DDBF08F1-E95D-4D3F-A6D2-27ADDE7B26ED}.Debug|Any CPU.Build.0 = Debug|Any CPU
		{DDBF08F1-E95D-4D3F-A6D2-27ADDE7B26ED}.Release|Any CPU.ActiveCfg = Release|Any CPU
		{DDBF08F1-E95D-4D3F-A6D2-27ADDE7B26ED}.Release|Any CPU.Build.0 = Release|Any CPU
	EndGlobalSection
	GlobalSection(SolutionProperties) = preSolution
		HideSolutionNode = FALSE
	EndGlobalSection
	GlobalSection(ExtensibilityGlobals) = postSolution
		SolutionGuid = {A4E2B669-CAFB-4578-9290-9D918852CDEE}
	EndGlobalSection
EndGlobal
